// !$*UTF8*$!
{
	archiveVersion = 1;
	classes = {
	};
	objectVersion = 46;
	objects = {

/* Begin PBXBuildFile section */
		330DD8521AA771C400DCFB7D /* placeholder.jpg in Resources */ = {isa = PBXBuildFile; fileRef = 330DD8511AA771C400DCFB7D /* placeholder.jpg */; };
		330DD8541AA7D07800DCFB7D /* camera.png in Resources */ = {isa = PBXBuildFile; fileRef = 330DD8531AA7D07800DCFB7D /* camera.png */; };
		330DD8561AA7D19300DCFB7D /* gallery.png in Resources */ = {isa = PBXBuildFile; fileRef = 330DD8551AA7D19300DCFB7D /* gallery.png */; };
		330DD8581AA7D3BA00DCFB7D /* LoginViewController.swift in Sources */ = {isa = PBXBuildFile; fileRef = 330DD8571AA7D3BA00DCFB7D /* LoginViewController.swift */; };
		33600C751AA610BD0010AF8A /* AppDelegate.swift in Sources */ = {isa = PBXBuildFile; fileRef = 33600C741AA610BD0010AF8A /* AppDelegate.swift */; };
		33600C771AA610BD0010AF8A /* ViewController.swift in Sources */ = {isa = PBXBuildFile; fileRef = 33600C761AA610BD0010AF8A /* ViewController.swift */; };
		33600C7A1AA610BD0010AF8A /* Main.storyboard in Resources */ = {isa = PBXBuildFile; fileRef = 33600C781AA610BD0010AF8A /* Main.storyboard */; };
		33600C7C1AA610BD0010AF8A /* Images.xcassets in Resources */ = {isa = PBXBuildFile; fileRef = 33600C7B1AA610BD0010AF8A /* Images.xcassets */; };
		33600C7F1AA610BD0010AF8A /* LaunchScreen.xib in Resources */ = {isa = PBXBuildFile; fileRef = 33600C7D1AA610BD0010AF8A /* LaunchScreen.xib */; };
		33600C8B1AA610BD0010AF8A /* SnapChatTests.swift in Sources */ = {isa = PBXBuildFile; fileRef = 33600C8A1AA610BD0010AF8A /* SnapChatTests.swift */; };
		33600C951AA6241F0010AF8A /* GalleryViewController.swift in Sources */ = {isa = PBXBuildFile; fileRef = 33600C941AA6241F0010AF8A /* GalleryViewController.swift */; };
		33839B391AAA211400D4B882 /* GalleryTableViewController.swift in Sources */ = {isa = PBXBuildFile; fileRef = 33839B381AAA211400D4B882 /* GalleryTableViewController.swift */; };
		33839B3B1AAA21DD00D4B882 /* ImageTableViewCell.swift in Sources */ = {isa = PBXBuildFile; fileRef = 33839B3A1AAA21DD00D4B882 /* ImageTableViewCell.swift */; };
/* End PBXBuildFile section */

/* Begin PBXContainerItemProxy section */
		33600C851AA610BD0010AF8A /* PBXContainerItemProxy */ = {
			isa = PBXContainerItemProxy;
			containerPortal = 33600C671AA610BD0010AF8A /* Project object */;
			proxyType = 1;
			remoteGlobalIDString = 33600C6E1AA610BD0010AF8A;
			remoteInfo = SnapChat;
		};
/* End PBXContainerItemProxy section */

/* Begin PBXFileReference section */
		330DD8511AA771C400DCFB7D /* placeholder.jpg */ = {isa = PBXFileReference; lastKnownFileType = image.jpeg; path = placeholder.jpg; sourceTree = "<group>"; };
		330DD8531AA7D07800DCFB7D /* camera.png */ = {isa = PBXFileReference; lastKnownFileType = image.png; path = camera.png; sourceTree = "<group>"; };
		330DD8551AA7D19300DCFB7D /* gallery.png */ = {isa = PBXFileReference; lastKnownFileType = image.png; path = gallery.png; sourceTree = "<group>"; };
		330DD8571AA7D3BA00DCFB7D /* LoginViewController.swift */ = {isa = PBXFileReference; fileEncoding = 4; lastKnownFileType = sourcecode.swift; path = LoginViewController.swift; sourceTree = "<group>"; };
		33600C6F1AA610BD0010AF8A /* SnapChat.app */ = {isa = PBXFileReference; explicitFileType = wrapper.application; includeInIndex = 0; path = SnapChat.app; sourceTree = BUILT_PRODUCTS_DIR; };
		33600C731AA610BD0010AF8A /* Info.plist */ = {isa = PBXFileReference; lastKnownFileType = text.plist.xml; path = Info.plist; sourceTree = "<group>"; };
		33600C741AA610BD0010AF8A /* AppDelegate.swift */ = {isa = PBXFileReference; lastKnownFileType = sourcecode.swift; path = AppDelegate.swift; sourceTree = "<group>"; };
		33600C761AA610BD0010AF8A /* ViewController.swift */ = {isa = PBXFileReference; lastKnownFileType = sourcecode.swift; path = ViewController.swift; sourceTree = "<group>"; };
		33600C791AA610BD0010AF8A /* Base */ = {isa = PBXFileReference; lastKnownFileType = file.storyboard; name = Base; path = Base.lproj/Main.storyboard; sourceTree = "<group>"; };
		33600C7B1AA610BD0010AF8A /* Images.xcassets */ = {isa = PBXFileReference; lastKnownFileType = folder.assetcatalog; path = Images.xcassets; sourceTree = "<group>"; };
		33600C7E1AA610BD0010AF8A /* Base */ = {isa = PBXFileReference; lastKnownFileType = file.xib; name = Base; path = Base.lproj/LaunchScreen.xib; sourceTree = "<group>"; };
		33600C841AA610BD0010AF8A /* SnapChatTests.xctest */ = {isa = PBXFileReference; explicitFileType = wrapper.cfbundle; includeInIndex = 0; path = SnapChatTests.xctest; sourceTree = BUILT_PRODUCTS_DIR; };
		33600C891AA610BD0010AF8A /* Info.plist */ = {isa = PBXFileReference; lastKnownFileType = text.plist.xml; path = Info.plist; sourceTree = "<group>"; };
		33600C8A1AA610BD0010AF8A /* SnapChatTests.swift */ = {isa = PBXFileReference; lastKnownFileType = sourcecode.swift; path = SnapChatTests.swift; sourceTree = "<group>"; };
		33600C941AA6241F0010AF8A /* GalleryViewController.swift */ = {isa = PBXFileReference; fileEncoding = 4; lastKnownFileType = sourcecode.swift; path = GalleryViewController.swift; sourceTree = "<group>"; };
		33839B381AAA211400D4B882 /* GalleryTableViewController.swift */ = {isa = PBXFileReference; fileEncoding = 4; lastKnownFileType = sourcecode.swift; path = GalleryTableViewController.swift; sourceTree = "<group>"; };
		33839B3A1AAA21DD00D4B882 /* ImageTableViewCell.swift */ = {isa = PBXFileReference; fileEncoding = 4; lastKnownFileType = sourcecode.swift; path = ImageTableViewCell.swift; sourceTree = "<group>"; };
/* End PBXFileReference section */

/* Begin PBXFrameworksBuildPhase section */
		33600C6C1AA610BD0010AF8A /* Frameworks */ = {
			isa = PBXFrameworksBuildPhase;
			buildActionMask = 2147483647;
			files = (
			);
			runOnlyForDeploymentPostprocessing = 0;
		};
		33600C811AA610BD0010AF8A /* Frameworks */ = {
			isa = PBXFrameworksBuildPhase;
			buildActionMask = 2147483647;
			files = (
			);
			runOnlyForDeploymentPostprocessing = 0;
		};
/* End PBXFrameworksBuildPhase section */

/* Begin PBXGroup section */
		33600C661AA610BD0010AF8A = {
			isa = PBXGroup;
			children = (
				33600C711AA610BD0010AF8A /* SnapChat */,
				33600C871AA610BD0010AF8A /* SnapChatTests */,
				33600C701AA610BD0010AF8A /* Products */,
			);
			sourceTree = "<group>";
		};
		33600C701AA610BD0010AF8A /* Products */ = {
			isa = PBXGroup;
			children = (
				33600C6F1AA610BD0010AF8A /* SnapChat.app */,
				33600C841AA610BD0010AF8A /* SnapChatTests.xctest */,
			);
			name = Products;
			sourceTree = "<group>";
		};
		33600C711AA610BD0010AF8A /* SnapChat */ = {
			isa = PBXGroup;
			children = (
				330DD8551AA7D19300DCFB7D /* gallery.png */,
				330DD8531AA7D07800DCFB7D /* camera.png */,
				330DD8511AA771C400DCFB7D /* placeholder.jpg */,
				33600C741AA610BD0010AF8A /* AppDelegate.swift */,
				33600C761AA610BD0010AF8A /* ViewController.swift */,
				33600C781AA610BD0010AF8A /* Main.storyboard */,
				33600C7B1AA610BD0010AF8A /* Images.xcassets */,
				33600C7D1AA610BD0010AF8A /* LaunchScreen.xib */,
				33600C721AA610BD0010AF8A /* Supporting Files */,
				33600C941AA6241F0010AF8A /* GalleryViewController.swift */,
				330DD8571AA7D3BA00DCFB7D /* LoginViewController.swift */,
				33839B381AAA211400D4B882 /* GalleryTableViewController.swift */,
				33839B3A1AAA21DD00D4B882 /* ImageTableViewCell.swift */,
			);
			path = SnapChat;
			sourceTree = "<group>";
		};
		33600C721AA610BD0010AF8A /* Supporting Files */ = {
			isa = PBXGroup;
			children = (
				33600C731AA610BD0010AF8A /* Info.plist */,
			);
			name = "Supporting Files";
			sourceTree = "<group>";
		};
		33600C871AA610BD0010AF8A /* SnapChatTests */ = {
			isa = PBXGroup;
			children = (
				33600C8A1AA610BD0010AF8A /* SnapChatTests.swift */,
				33600C881AA610BD0010AF8A /* Supporting Files */,
			);
			path = SnapChatTests;
			sourceTree = "<group>";
		};
		33600C881AA610BD0010AF8A /* Supporting Files */ = {
			isa = PBXGroup;
			children = (
				33600C891AA610BD0010AF8A /* Info.plist */,
			);
			name = "Supporting Files";
			sourceTree = "<group>";
		};
/* End PBXGroup section */

/* Begin PBXNativeTarget section */
		33600C6E1AA610BD0010AF8A /* SnapChat */ = {
			isa = PBXNativeTarget;
			buildConfigurationList = 33600C8E1AA610BD0010AF8A /* Build configuration list for PBXNativeTarget "SnapChat" */;
			buildPhases = (
				33600C6B1AA610BD0010AF8A /* Sources */,
				33600C6C1AA610BD0010AF8A /* Frameworks */,
				33600C6D1AA610BD0010AF8A /* Resources */,
			);
			buildRules = (
			);
			dependencies = (
			);
			name = SnapChat;
			productName = SnapChat;
			productReference = 33600C6F1AA610BD0010AF8A /* SnapChat.app */;
			productType = "com.apple.product-type.application";
		};
		33600C831AA610BD0010AF8A /* SnapChatTests */ = {
			isa = PBXNativeTarget;
			buildConfigurationList = 33600C911AA610BD0010AF8A /* Build configuration list for PBXNativeTarget "SnapChatTests" */;
			buildPhases = (
				33600C801AA610BD0010AF8A /* Sources */,
				33600C811AA610BD0010AF8A /* Frameworks */,
				33600C821AA610BD0010AF8A /* Resources */,
			);
			buildRules = (
			);
			dependencies = (
				33600C861AA610BD0010AF8A /* PBXTargetDependency */,
			);
			name = SnapChatTests;
			productName = SnapChatTests;
			productReference = 33600C841AA610BD0010AF8A /* SnapChatTests.xctest */;
			productType = "com.apple.product-type.bundle.unit-test";
		};
/* End PBXNativeTarget section */

/* Begin PBXProject section */
		33600C671AA610BD0010AF8A /* Project object */ = {
			isa = PBXProject;
			attributes = {
				LastUpgradeCheck = 0630;
				ORGANIZATIONNAME = "Broad Reach Software";
				TargetAttributes = {
					33600C6E1AA610BD0010AF8A = {
						CreatedOnToolsVersion = 6.3;
					};
					33600C831AA610BD0010AF8A = {
						CreatedOnToolsVersion = 6.3;
						TestTargetID = 33600C6E1AA610BD0010AF8A;
					};
				};
			};
			buildConfigurationList = 33600C6A1AA610BD0010AF8A /* Build configuration list for PBXProject "SnapChat" */;
			compatibilityVersion = "Xcode 3.2";
			developmentRegion = English;
			hasScannedForEncodings = 0;
			knownRegions = (
				en,
				Base,
			);
			mainGroup = 33600C661AA610BD0010AF8A;
			productRefGroup = 33600C701AA610BD0010AF8A /* Products */;
			projectDirPath = "";
			projectRoot = "";
			targets = (
				33600C6E1AA610BD0010AF8A /* SnapChat */,
				33600C831AA610BD0010AF8A /* SnapChatTests */,
			);
		};
/* End PBXProject section */

/* Begin PBXResourcesBuildPhase section */
		33600C6D1AA610BD0010AF8A /* Resources */ = {
			isa = PBXResourcesBuildPhase;
			buildActionMask = 2147483647;
			files = (
				330DD8561AA7D19300DCFB7D /* gallery.png in Resources */,
				330DD8521AA771C400DCFB7D /* placeholder.jpg in Resources */,
				33600C7A1AA610BD0010AF8A /* Main.storyboard in Resources */,
				33600C7F1AA610BD0010AF8A /* LaunchScreen.xib in Resources */,
				33600C7C1AA610BD0010AF8A /* Images.xcassets in Resources */,
				330DD8541AA7D07800DCFB7D /* camera.png in Resources */,
			);
			runOnlyForDeploymentPostprocessing = 0;
		};
		33600C821AA610BD0010AF8A /* Resources */ = {
			isa = PBXResourcesBuildPhase;
			buildActionMask = 2147483647;
			files = (
			);
			runOnlyForDeploymentPostprocessing = 0;
		};
/* End PBXResourcesBuildPhase section */

/* Begin PBXSourcesBuildPhase section */
		33600C6B1AA610BD0010AF8A /* Sources */ = {
			isa = PBXSourcesBuildPhase;
			buildActionMask = 2147483647;
			files = (
				330DD8581AA7D3BA00DCFB7D /* LoginViewController.swift in Sources */,
				33600C951AA6241F0010AF8A /* GalleryViewController.swift in Sources */,
				33839B391AAA211400D4B882 /* GalleryTableViewController.swift in Sources */,
				33839B3B1AAA21DD00D4B882 /* ImageTableViewCell.swift in Sources */,
				33600C771AA610BD0010AF8A /* ViewController.swift in Sources */,
				33600C751AA610BD0010AF8A /* AppDelegate.swift in Sources */,
			);
			runOnlyForDeploymentPostprocessing = 0;
		};
		33600C801AA610BD0010AF8A /* Sources */ = {
			isa = PBXSourcesBuildPhase;
			buildActionMask = 2147483647;
			files = (
				33600C8B1AA610BD0010AF8A /* SnapChatTests.swift in Sources */,
			);
			runOnlyForDeploymentPostprocessing = 0;
		};
/* End PBXSourcesBuildPhase section */

/* Begin PBXTargetDependency section */
		33600C861AA610BD0010AF8A /* PBXTargetDependency */ = {
			isa = PBXTargetDependency;
			target = 33600C6E1AA610BD0010AF8A /* SnapChat */;
			targetProxy = 33600C851AA610BD0010AF8A /* PBXContainerItemProxy */;
		};
/* End PBXTargetDependency section */

/* Begin PBXVariantGroup section */
		33600C781AA610BD0010AF8A /* Main.storyboard */ = {
			isa = PBXVariantGroup;
			children = (
				33600C791AA610BD0010AF8A /* Base */,
			);
			name = Main.storyboard;
			sourceTree = "<group>";
		};
		33600C7D1AA610BD0010AF8A /* LaunchScreen.xib */ = {
			isa = PBXVariantGroup;
			children = (
				33600C7E1AA610BD0010AF8A /* Base */,
			);
			name = LaunchScreen.xib;
			sourceTree = "<group>";
		};
/* End PBXVariantGroup section */

/* Begin XCBuildConfiguration section */
		33600C8C1AA610BD0010AF8A /* Debug */ = {
			isa = XCBuildConfiguration;
			buildSettings = {
				ALWAYS_SEARCH_USER_PATHS = NO;
				CLANG_CXX_LANGUAGE_STANDARD = "gnu++0x";
				CLANG_CXX_LIBRARY = "libc++";
				CLANG_ENABLE_MODULES = YES;
				CLANG_ENABLE_OBJC_ARC = YES;
				CLANG_WARN_BOOL_CONVERSION = YES;
				CLANG_WARN_CONSTANT_CONVERSION = YES;
				CLANG_WARN_DIRECT_OBJC_ISA_USAGE = YES_ERROR;
				CLANG_WARN_EMPTY_BODY = YES;
				CLANG_WARN_ENUM_CONVERSION = YES;
				CLANG_WARN_INT_CONVERSION = YES;
				CLANG_WARN_OBJC_ROOT_CLASS = YES_ERROR;
				CLANG_WARN_UNREACHABLE_CODE = YES;
				CLANG_WARN__DUPLICATE_METHOD_MATCH = YES;
				"CODE_SIGN_IDENTITY[sdk=iphoneos*]" = "iPhone Developer";
				COPY_PHASE_STRIP = NO;
				DEBUG_INFORMATION_FORMAT = dwarf;
				ENABLE_STRICT_OBJC_MSGSEND = YES;
				GCC_C_LANGUAGE_STANDARD = gnu99;
				GCC_DYNAMIC_NO_PIC = NO;
				GCC_OPTIMIZATION_LEVEL = 0;
				GCC_PREPROCESSOR_DEFINITIONS = (
					"DEBUG=1",
					"$(inherited)",
				);
				GCC_SYMBOLS_PRIVATE_EXTERN = NO;
				GCC_WARN_64_TO_32_BIT_CONVERSION = YES;
				GCC_WARN_ABOUT_RETURN_TYPE = YES_ERROR;
				GCC_WARN_UNDECLARED_SELECTOR = YES;
				GCC_WARN_UNINITIALIZED_AUTOS = YES_AGGRESSIVE;
				GCC_WARN_UNUSED_FUNCTION = YES;
				GCC_WARN_UNUSED_VARIABLE = YES;
				IPHONEOS_DEPLOYMENT_TARGET = 8.3;
				MTL_ENABLE_DEBUG_INFO = YES;
				ONLY_ACTIVE_ARCH = YES;
				SDKROOT = iphoneos;
				SWIFT_OPTIMIZATION_LEVEL = "-Onone";
			};
			name = Debug;
		};
		33600C8D1AA610BD0010AF8A /* Release */ = {
			isa = XCBuildConfiguration;
			buildSettings = {
				ALWAYS_SEARCH_USER_PATHS = NO;
				CLANG_CXX_LANGUAGE_STANDARD = "gnu++0x";
				CLANG_CXX_LIBRARY = "libc++";
				CLANG_ENABLE_MODULES = YES;
				CLANG_ENABLE_OBJC_ARC = YES;
				CLANG_WARN_BOOL_CONVERSION = YES;
				CLANG_WARN_CONSTANT_CONVERSION = YES;
				CLANG_WARN_DIRECT_OBJC_ISA_USAGE = YES_ERROR;
				CLANG_WARN_EMPTY_BODY = YES;
				CLANG_WARN_ENUM_CONVERSION = YES;
				CLANG_WARN_INT_CONVERSION = YES;
				CLANG_WARN_OBJC_ROOT_CLASS = YES_ERROR;
				CLANG_WARN_UNREACHABLE_CODE = YES;
				CLANG_WARN__DUPLICATE_METHOD_MATCH = YES;
				"CODE_SIGN_IDENTITY[sdk=iphoneos*]" = "iPhone Developer";
				COPY_PHASE_STRIP = NO;
				DEBUG_INFORMATION_FORMAT = "dwarf-with-dsym";
				ENABLE_NS_ASSERTIONS = NO;
				ENABLE_STRICT_OBJC_MSGSEND = YES;
				GCC_C_LANGUAGE_STANDARD = gnu99;
				GCC_WARN_64_TO_32_BIT_CONVERSION = YES;
				GCC_WARN_ABOUT_RETURN_TYPE = YES_ERROR;
				GCC_WARN_UNDECLARED_SELECTOR = YES;
				GCC_WARN_UNINITIALIZED_AUTOS = YES_AGGRESSIVE;
				GCC_WARN_UNUSED_FUNCTION = YES;
				GCC_WARN_UNUSED_VARIABLE = YES;
				IPHONEOS_DEPLOYMENT_TARGET = 8.3;
				MTL_ENABLE_DEBUG_INFO = NO;
				SDKROOT = iphoneos;
				VALIDATE_PRODUCT = YES;
			};
			name = Release;
		};
		33600C8F1AA610BD0010AF8A /* Debug */ = {
			isa = XCBuildConfiguration;
			buildSettings = {
				ASSETCATALOG_COMPILER_APPICON_NAME = AppIcon;
				INFOPLIST_FILE = SnapChat/Info.plist;
				IPHONEOS_DEPLOYMENT_TARGET = 8.0;
				LD_RUNPATH_SEARCH_PATHS = "$(inherited) @executable_path/Frameworks";
				PRODUCT_NAME = "$(TARGET_NAME)";
			};
			name = Debug;
		};
		33600C901AA610BD0010AF8A /* Release */ = {
			isa = XCBuildConfiguration;
			buildSettings = {
				ASSETCATALOG_COMPILER_APPICON_NAME = AppIcon;
				INFOPLIST_FILE = SnapChat/Info.plist;
				IPHONEOS_DEPLOYMENT_TARGET = 8.0;
				LD_RUNPATH_SEARCH_PATHS = "$(inherited) @executable_path/Frameworks";
				PRODUCT_NAME = "$(TARGET_NAME)";
			};
			name = Release;
		};
		33600C921AA610BD0010AF8A /* Debug */ = {
			isa = XCBuildConfiguration;
			buildSettings = {
				BUNDLE_LOADER = "$(TEST_HOST)";
				FRAMEWORK_SEARCH_PATHS = (
					"$(SDKROOT)/Developer/Library/Frameworks",
					"$(inherited)",
				);
				GCC_PREPROCESSOR_DEFINITIONS = (
					"DEBUG=1",
					"$(inherited)",
				);
				INFOPLIST_FILE = SnapChatTests/Info.plist;
				LD_RUNPATH_SEARCH_PATHS = "$(inherited) @executable_path/Frameworks @loader_path/Frameworks";
				PRODUCT_NAME = "$(TARGET_NAME)";
				TEST_HOST = "$(BUILT_PRODUCTS_DIR)/SnapChat.app/SnapChat";
			};
			name = Debug;
		};
		33600C931AA610BD0010AF8A /* Release */ = {
			isa = XCBuildConfiguration;
			buildSettings = {
				BUNDLE_LOADER = "$(TEST_HOST)";
				FRAMEWORK_SEARCH_PATHS = (
					"$(SDKROOT)/Developer/Library/Frameworks",
					"$(inherited)",
				);
				INFOPLIST_FILE = SnapChatTests/Info.plist;
				LD_RUNPATH_SEARCH_PATHS = "$(inherited) @executable_path/Frameworks @loader_path/Frameworks";
				PRODUCT_NAME = "$(TARGET_NAME)";
				TEST_HOST = "$(BUILT_PRODUCTS_DIR)/SnapChat.app/SnapChat";
			};
			name = Release;
		};
/* End XCBuildConfiguration section */

/* Begin XCConfigurationList section */
		33600C6A1AA610BD0010AF8A /* Build configuration list for PBXProject "SnapChat" */ = {
			isa = XCConfigurationList;
			buildConfigurations = (
				33600C8C1AA610BD0010AF8A /* Debug */,
				33600C8D1AA610BD0010AF8A /* Release */,
			);
			defaultConfigurationIsVisible = 0;
			defaultConfigurationName = Release;
		};
		33600C8E1AA610BD0010AF8A /* Build configuration list for PBXNativeTarget "SnapChat" */ = {
			isa = XCConfigurationList;
			buildConfigurations = (
				33600C8F1AA610BD0010AF8A /* Debug */,
				33600C901AA610BD0010AF8A /* Release */,
			);
			defaultConfigurationIsVisible = 0;
			defaultConfigurationName = Release;
		};
		33600C911AA610BD0010AF8A /* Build configuration list for PBXNativeTarget "SnapChatTests" */ = {
			isa = XCConfigurationList;
			buildConfigurations = (
				33600C921AA610BD0010AF8A /* Debug */,
				33600C931AA610BD0010AF8A /* Release */,
			);
			defaultConfigurationIsVisible = 0;
			defaultConfigurationName = Release;
		};
/* End XCConfigurationList section */
	};
	rootObject = 33600C671AA610BD0010AF8A /* Project object */;
}
